
Microsoft Visual Studio Solution File, Format Version 12.00
# Visual Studio Version 17
VisualStudioVersion = 17.8.34525.116
MinimumVisualStudioVersion = 10.0.40219.1
Project("{9A19103F-16F7-4668-BE54-9A1E7A4F7556}") = "TangyWeb_Server", "TangyWeb_Server\TangyWeb_Server.csproj", "{6ED9180C-9C40-4AA7-AAD8-4E0C3E35A728}"
EndProject
Project("{9A19103F-16F7-4668-BE54-9A1E7A4F7556}") = "TangyWeb_Client", "TangyWeb_Client\TangyWeb_Client.csproj", "{E95820EC-9CF6-4624-9614-909DCE81414F}"
EndProject
Project("{9A19103F-16F7-4668-BE54-9A1E7A4F7556}") = "Tangy_Models", "Tangy_Models\Tangy_Models.csproj", "{D76D6D40-71D2-40D4-A49E-9E22ED1C4B8C}"
EndProject
Project("{9A19103F-16F7-4668-BE54-9A1E7A4F7556}") = "Tangy_Business", "Tangy_Business\Tangy_Business.csproj", "{583DC1F3-C025-404B-A736-2E3A714F0BCC}"
EndProject
Project("{9A19103F-16F7-4668-BE54-9A1E7A4F7556}") = "Tangy_Common", "Tangy_Common\Tangy_Common.csproj", "{DAAA596A-10A2-4B74-AB04-C7085C78D298}"
EndProject
Project("{9A19103F-16F7-4668-BE54-9A1E7A4F7556}") = "Tangy_DataAccess", "Tangy_DataAccess\Tangy_DataAccess.csproj", "{45DCCE2F-61C5-4FFE-8F99-279525502563}"
EndProject
Global
	GlobalSection(SolutionConfigurationPlatforms) = preSolution
		Debug|Any CPU = Debug|Any CPU
		Release|Any CPU = Release|Any CPU
	EndGlobalSection
	GlobalSection(ProjectConfigurationPlatforms) = postSolution
		{6ED9180C-9C40-4AA7-AAD8-4E0C3E35A728}.Debug|Any CPU.ActiveCfg = Debug|Any CPU
		{6ED9180C-9C40-4AA7-AAD8-4E0C3E35A728}.Debug|Any CPU.Build.0 = Debug|Any CPU
		{6ED9180C-9C40-4AA7-AAD8-4E0C3E35A728}.Release|Any CPU.ActiveCfg = Release|Any CPU
		{6ED9180C-9C40-4AA7-AAD8-4E0C3E35A728}.Release|Any CPU.Build.0 = Release|Any CPU
		{E95820EC-9CF6-4624-9614-909DCE81414F}.Debug|Any CPU.ActiveCfg = Debug|Any CPU
		{E95820EC-9CF6-4624-9614-909DCE81414F}.Debug|Any CPU.Build.0 = Debug|Any CPU
		{E95820EC-9CF6-4624-9614-909DCE81414F}.Release|Any CPU.ActiveCfg = Release|Any CPU
		{E95820EC-9CF6-4624-9614-909DCE81414F}.Release|Any CPU.Build.0 = Release|Any CPU
		{D76D6D40-71D2-40D4-A49E-9E22ED1C4B8C}.Debug|Any CPU.ActiveCfg = Debug|Any CPU
		{D76D6D40-71D2-40D4-A49E-9E22ED1C4B8C}.Debug|Any CPU.Build.0 = Debug|Any CPU
		{D76D6D40-71D2-40D4-A49E-9E22ED1C4B8C}.Release|Any CPU.ActiveCfg = Release|Any CPU
		{D76D6D40-71D2-40D4-A49E-9E22ED1C4B8C}.Release|Any CPU.Build.0 = Release|Any CPU
		{583DC1F3-C025-404B-A736-2E3A714F0BCC}.Debug|Any CPU.ActiveCfg = Debug|Any CPU
		{583DC1F3-C025-404B-A736-2E3A714F0BCC}.Debug|Any CPU.Build.0 = Debug|Any CPU
		{583DC1F3-C025-404B-A736-2E3A714F0BCC}.Release|Any CPU.ActiveCfg = Release|Any CPU
		{583DC1F3-C025-404B-A736-2E3A714F0BCC}.Release|Any CPU.Build.0 = Release|Any CPU
		{DAAA596A-10A2-4B74-AB04-C7085C78D298}.Debug|Any CPU.ActiveCfg = Debug|Any CPU
		{DAAA596A-10A2-4B74-AB04-C7085C78D298}.Debug|Any CPU.Build.0 = Debug|Any CPU
		{DAAA596A-10A2-4B74-AB04-C7085C78D298}.Release|Any CPU.ActiveCfg = Release|Any CPU
		{DAAA596A-10A2-4B74-AB04-C7085C78D298}.Release|Any CPU.Build.0 = Release|Any CPU
		{45DCCE2F-61C5-4FFE-8F99-279525502563}.Debug|Any CPU.ActiveCfg = Debug|Any CPU
		{45DCCE2F-61C5-4FFE-8F99-279525502563}.Debug|Any CPU.Build.0 = Debug|Any CPU
		{45DCCE2F-61C5-4FFE-8F99-279525502563}.Release|Any CPU.ActiveCfg = Release|Any CPU
		{45DCCE2F-61C5-4FFE-8F99-279525502563}.Release|Any CPU.Build.0 = Release|Any CPU
	EndGlobalSection
	GlobalSection(SolutionProperties) = preSolution
		HideSolutionNode = FALSE
	EndGlobalSection
	GlobalSection(ExtensibilityGlobals) = postSolution
		SolutionGuid = {F48D7878-150E-4883-9718-B363FFA3988C}
	EndGlobalSection
EndGlobal
